// !$*UTF8*$!
{
	archiveVersion = 1;
	classes = {
	};
	objectVersion = 77;
	objects = {

/* Begin PBXBuildFile section */
		0A629DD297BCDCB3D84FD808 /* OrbitViewModel.swift in Sources */ = {isa = PBXBuildFile; fileRef = 6D328D7D403F95D8A287EA8E /* OrbitViewModel.swift */; };
		2269A96732CB42EA5C5DD105 /* AppIconView.swift in Sources */ = {isa = PBXBuildFile; fileRef = 4958B2634D8439242ED1028F /* AppIconView.swift */; };
		2A49C7AB49AF925F710395B7 /* HotkeyService.swift in Sources */ = {isa = PBXBuildFile; fileRef = FAD565E5A2A9FD2A8B0BA707 /* HotkeyService.swift */; };
		34C80F3712FAF719C2C3D455 /* OverlayPanel.swift in Sources */ = {isa = PBXBuildFile; fileRef = BBB68C04B60983B36FAE7632 /* OverlayPanel.swift */; };
		4A6E8861618C0E28B8034C42 /* AppService.swift in Sources */ = {isa = PBXBuildFile; fileRef = CBE9434D67F596027017522B /* AppService.swift */; };
		76061C98C618303FC707F143 /* RunningApp.swift in Sources */ = {isa = PBXBuildFile; fileRef = 3785CD7C0BD802AE20E35888 /* RunningApp.swift */; };
		A5911D106F4DE7F9469D7464 /* OrbitView.swift in Sources */ = {isa = PBXBuildFile; fileRef = 15B0E64515D2F209A1ACF98A /* OrbitView.swift */; };
		A75E73FD358C8583C278D71F /* ShortcutRecorderView.swift in Sources */ = {isa = PBXBuildFile; fileRef = CEDE39562E6753365A21F902 /* ShortcutRecorderView.swift */; };
		B453DEBCA4D678859B1058AD /* SettingsView.swift in Sources */ = {isa = PBXBuildFile; fileRef = 4E37DA3D4A718D5948DEF3A7 /* SettingsView.swift */; };
		C317906E1A1CAE792A0C7E9E /* Assets.xcassets in Resources */ = {isa = PBXBuildFile; fileRef = 9FEF45BFFE010BCA9A5D3000 /* Assets.xcassets */; };
		D00A8998B7A668E8CA66B520 /* AppDelegate.swift in Sources */ = {isa = PBXBuildFile; fileRef = E22E05EF10B63C9D1DC5C6B3 /* AppDelegate.swift */; };
		F204E258AC938FD314360C36 /* SettingsService.swift in Sources */ = {isa = PBXBuildFile; fileRef = A9BE8AAF02EE8031C001ACFA /* SettingsService.swift */; };
		FE1F71420B0761A4E62AA824 /* OrbitApp.swift in Sources */ = {isa = PBXBuildFile; fileRef = 26EB023126B42D85C78E726C /* OrbitApp.swift */; };
/* End PBXBuildFile section */

/* Begin PBXFileReference section */
		15B0E64515D2F209A1ACF98A /* OrbitView.swift */ = {isa = PBXFileReference; lastKnownFileType = sourcecode.swift; path = OrbitView.swift; sourceTree = "<group>"; };
		26EB023126B42D85C78E726C /* OrbitApp.swift */ = {isa = PBXFileReference; lastKnownFileType = sourcecode.swift; path = OrbitApp.swift; sourceTree = "<group>"; };
		3785CD7C0BD802AE20E35888 /* RunningApp.swift */ = {isa = PBXFileReference; lastKnownFileType = sourcecode.swift; path = RunningApp.swift; sourceTree = "<group>"; };
		4958B2634D8439242ED1028F /* AppIconView.swift */ = {isa = PBXFileReference; lastKnownFileType = sourcecode.swift; path = AppIconView.swift; sourceTree = "<group>"; };
		4E37DA3D4A718D5948DEF3A7 /* SettingsView.swift */ = {isa = PBXFileReference; lastKnownFileType = sourcecode.swift; path = SettingsView.swift; sourceTree = "<group>"; };
		6D328D7D403F95D8A287EA8E /* OrbitViewModel.swift */ = {isa = PBXFileReference; lastKnownFileType = sourcecode.swift; path = OrbitViewModel.swift; sourceTree = "<group>"; };
		93E43D9E19F5EF7D480B0771 /* Orbit.app */ = {isa = PBXFileReference; explicitFileType = wrapper.application; includeInIndex = 0; path = Orbit.app; sourceTree = BUILT_PRODUCTS_DIR; };
		9FEF45BFFE010BCA9A5D3000 /* Assets.xcassets */ = {isa = PBXFileReference; lastKnownFileType = folder.assetcatalog; path = Assets.xcassets; sourceTree = "<group>"; };
		A9BE8AAF02EE8031C001ACFA /* SettingsService.swift */ = {isa = PBXFileReference; lastKnownFileType = sourcecode.swift; path = SettingsService.swift; sourceTree = "<group>"; };
		BBB68C04B60983B36FAE7632 /* OverlayPanel.swift */ = {isa = PBXFileReference; lastKnownFileType = sourcecode.swift; path = OverlayPanel.swift; sourceTree = "<group>"; };
		CBE9434D67F596027017522B /* AppService.swift */ = {isa = PBXFileReference; lastKnownFileType = sourcecode.swift; path = AppService.swift; sourceTree = "<group>"; };
		CEDE39562E6753365A21F902 /* ShortcutRecorderView.swift */ = {isa = PBXFileReference; lastKnownFileType = sourcecode.swift; path = ShortcutRecorderView.swift; sourceTree = "<group>"; };
		E22E05EF10B63C9D1DC5C6B3 /* AppDelegate.swift */ = {isa = PBXFileReference; lastKnownFileType = sourcecode.swift; path = AppDelegate.swift; sourceTree = "<group>"; };
		E691E1A576C579A627A7BDDF /* Info.plist */ = {isa = PBXFileReference; lastKnownFileType = text.plist; path = Info.plist; sourceTree = "<group>"; };
		FAD565E5A2A9FD2A8B0BA707 /* HotkeyService.swift */ = {isa = PBXFileReference; lastKnownFileType = sourcecode.swift; path = HotkeyService.swift; sourceTree = "<group>"; };
/* End PBXFileReference section */

/* Begin PBXGroup section */
		00ECA7FF55D55998AD25B1CA /* Orbit */ = {
			isa = PBXGroup;
			children = (
				E22E05EF10B63C9D1DC5C6B3 /* AppDelegate.swift */,
				E691E1A576C579A627A7BDDF /* Info.plist */,
				26EB023126B42D85C78E726C /* OrbitApp.swift */,
				67396201ACDD149AA1629C59 /* Models */,
				4ACAA2E1FE69AD8ECB202BBE /* Resources */,
				D815CFAF7DC21058B9875359 /* Services */,
				826EB45903BA30095516439C /* ViewModels */,
				B084A05731D0221608844C7F /* Views */,
			);
			path = Orbit;
			sourceTree = "<group>";
		};
		4ACAA2E1FE69AD8ECB202BBE /* Resources */ = {
			isa = PBXGroup;
			children = (
				9FEF45BFFE010BCA9A5D3000 /* Assets.xcassets */,
			);
			path = Resources;
			sourceTree = "<group>";
		};
		67396201ACDD149AA1629C59 /* Models */ = {
			isa = PBXGroup;
			children = (
				3785CD7C0BD802AE20E35888 /* RunningApp.swift */,
			);
			path = Models;
			sourceTree = "<group>";
		};
		826EB45903BA30095516439C /* ViewModels */ = {
			isa = PBXGroup;
			children = (
				6D328D7D403F95D8A287EA8E /* OrbitViewModel.swift */,
			);
			path = ViewModels;
			sourceTree = "<group>";
		};
		B084A05731D0221608844C7F /* Views */ = {
			isa = PBXGroup;
			children = (
				4958B2634D8439242ED1028F /* AppIconView.swift */,
				15B0E64515D2F209A1ACF98A /* OrbitView.swift */,
				4E37DA3D4A718D5948DEF3A7 /* SettingsView.swift */,
				CEDE39562E6753365A21F902 /* ShortcutRecorderView.swift */,
			);
			path = Views;
			sourceTree = "<group>";
		};
		B307547D1ABD752BE02491B9 /* Products */ = {
			isa = PBXGroup;
			children = (
				93E43D9E19F5EF7D480B0771 /* Orbit.app */,
			);
			name = Products;
			sourceTree = "<group>";
		};
		C5F01767FDAE31EE06DFF523 = {
			isa = PBXGroup;
			children = (
				00ECA7FF55D55998AD25B1CA /* Orbit */,
				B307547D1ABD752BE02491B9 /* Products */,
			);
			sourceTree = "<group>";
		};
		D815CFAF7DC21058B9875359 /* Services */ = {
			isa = PBXGroup;
			children = (
				CBE9434D67F596027017522B /* AppService.swift */,
				FAD565E5A2A9FD2A8B0BA707 /* HotkeyService.swift */,
				BBB68C04B60983B36FAE7632 /* OverlayPanel.swift */,
				A9BE8AAF02EE8031C001ACFA /* SettingsService.swift */,
			);
			path = Services;
			sourceTree = "<group>";
		};
/* End PBXGroup section */

/* Begin PBXNativeTarget section */
		B87EF018B641D85E34ED2D32 /* Orbit */ = {
			isa = PBXNativeTarget;
			buildConfigurationList = 1ED43C45F010E6E18A4680AC /* Build configuration list for PBXNativeTarget "Orbit" */;
			buildPhases = (
				1A83EACBC247740EBC0E6135 /* Sources */,
				744EABC5C142532226634E12 /* Resources */,
			);
			buildRules = (
			);
			dependencies = (
			);
			name = Orbit;
			packageProductDependencies = (
			);
			productName = Orbit;
			productReference = 93E43D9E19F5EF7D480B0771 /* Orbit.app */;
			productType = "com.apple.product-type.application";
		};
/* End PBXNativeTarget section */

/* Begin PBXProject section */
		0A57824173AF238C16E5DFDB /* Project object */ = {
			isa = PBXProject;
			attributes = {
				BuildIndependentTargetsInParallel = YES;
				LastUpgradeCheck = 1430;
				TargetAttributes = {
				};
			};
			buildConfigurationList = 3B09B19ED5B1850084012594 /* Build configuration list for PBXProject "Orbit" */;
			developmentRegion = en;
			hasScannedForEncodings = 0;
			knownRegions = (
				Base,
				en,
			);
			mainGroup = C5F01767FDAE31EE06DFF523;
			minimizedProjectReferenceProxies = 1;
			preferredProjectObjectVersion = 77;
			productRefGroup = B307547D1ABD752BE02491B9 /* Products */;
			projectDirPath = "";
			projectRoot = "";
			targets = (
				B87EF018B641D85E34ED2D32 /* Orbit */,
			);
		};
/* End PBXProject section */

/* Begin PBXResourcesBuildPhase section */
		744EABC5C142532226634E12 /* Resources */ = {
			isa = PBXResourcesBuildPhase;
			buildActionMask = 2147483647;
			files = (
				C317906E1A1CAE792A0C7E9E /* Assets.xcassets in Resources */,
			);
			runOnlyForDeploymentPostprocessing = 0;
		};
/* End PBXResourcesBuildPhase section */

/* Begin PBXSourcesBuildPhase section */
		1A83EACBC247740EBC0E6135 /* Sources */ = {
			isa = PBXSourcesBuildPhase;
			buildActionMask = 2147483647;
			files = (
				D00A8998B7A668E8CA66B520 /* AppDelegate.swift in Sources */,
				2269A96732CB42EA5C5DD105 /* AppIconView.swift in Sources */,
				4A6E8861618C0E28B8034C42 /* AppService.swift in Sources */,
				2A49C7AB49AF925F710395B7 /* HotkeyService.swift in Sources */,
				FE1F71420B0761A4E62AA824 /* OrbitApp.swift in Sources */,
				A5911D106F4DE7F9469D7464 /* OrbitView.swift in Sources */,
				0A629DD297BCDCB3D84FD808 /* OrbitViewModel.swift in Sources */,
				34C80F3712FAF719C2C3D455 /* OverlayPanel.swift in Sources */,
				76061C98C618303FC707F143 /* RunningApp.swift in Sources */,
				F204E258AC938FD314360C36 /* SettingsService.swift in Sources */,
				B453DEBCA4D678859B1058AD /* SettingsView.swift in Sources */,
				A75E73FD358C8583C278D71F /* ShortcutRecorderView.swift in Sources */,
			);
			runOnlyForDeploymentPostprocessing = 0;
		};
/* End PBXSourcesBuildPhase section */

/* Begin XCBuildConfiguration section */
		1C3F5A8A5772DFD0CD0785E5 /* Release */ = {
			isa = XCBuildConfiguration;
			buildSettings = {
				ASSETCATALOG_COMPILER_APPICON_NAME = AppIcon;
				CODE_SIGN_ENTITLEMENTS = Orbit/Resources/Orbit.entitlements;
				CODE_SIGN_IDENTITY = "-";
				COMBINE_HIDPI_IMAGES = YES;
				CURRENT_PROJECT_VERSION = 1;
				INFOPLIST_FILE = Orbit/Info.plist;
				LD_RUNPATH_SEARCH_PATHS = (
					"$(inherited)",
					"@executable_path/../Frameworks",
				);
				MACOSX_DEPLOYMENT_TARGET = 14.0;
				MARKETING_VERSION = 1.0.3;
				PRODUCT_BUNDLE_IDENTIFIER = com.orbit.appswitcher;
				SDKROOT = macosx;
				SWIFT_OPTIMIZATION_LEVEL = "-O";
				SWIFT_VERSION = 5.9;
			};
			name = Release;
		};
		58C4C1DF9D487759A4FB7D08 /* Release */ = {
			isa = XCBuildConfiguration;
			buildSettings = {
				ALWAYS_SEARCH_USER_PATHS = NO;
				CLANG_ANALYZER_NONNULL = YES;
				CLANG_ANALYZER_NUMBER_OBJECT_CONVERSION = YES_AGGRESSIVE;
				CLANG_CXX_LANGUAGE_STANDARD = "gnu++14";
				CLANG_CXX_LIBRARY = "libc++";
				CLANG_ENABLE_MODULES = YES;
				CLANG_ENABLE_OBJC_ARC = YES;
				CLANG_ENABLE_OBJC_WEAK = YES;
				CLANG_WARN_BLOCK_CAPTURE_AUTORELEASING = YES;
				CLANG_WARN_BOOL_CONVERSION = YES;
				CLANG_WARN_COMMA = YES;
				CLANG_WARN_CONSTANT_CONVERSION = YES;
				CLANG_WARN_DEPRECATED_OBJC_IMPLEMENTATIONS = YES;
				CLANG_WARN_DIRECT_OBJC_ISA_USAGE = YES_ERROR;
				CLANG_WARN_DOCUMENTATION_COMMENTS = YES;
				CLANG_WARN_EMPTY_BODY = YES;
				CLANG_WARN_ENUM_CONVERSION = YES;
				CLANG_WARN_INFINITE_RECURSION = YES;
				CLANG_WARN_INT_CONVERSION = YES;
				CLANG_WARN_NON_LITERAL_NULL_CONVERSION = YES;
				CLANG_WARN_OBJC_IMPLICIT_RETAIN_SELF = YES;
				CLANG_WARN_OBJC_LITERAL_CONVERSION = YES;
				CLANG_WARN_OBJC_ROOT_CLASS = YES_ERROR;
				CLANG_WARN_QUOTED_INCLUDE_IN_FRAMEWORK_HEADER = YES;
				CLANG_WARN_RANGE_LOOP_ANALYSIS = YES;
				CLANG_WARN_STRICT_PROTOTYPES = YES;
				CLANG_WARN_SUSPICIOUS_MOVE = YES;
				CLANG_WARN_UNGUARDED_AVAILABILITY = YES_AGGRESSIVE;
				CLANG_WARN_UNREACHABLE_CODE = YES;
				CLANG_WARN__DUPLICATE_METHOD_MATCH = YES;
				COPY_PHASE_STRIP = NO;
				DEBUG_INFORMATION_FORMAT = "dwarf-with-dsym";
				ENABLE_NS_ASSERTIONS = NO;
				ENABLE_STRICT_OBJC_MSGSEND = YES;
				GCC_C_LANGUAGE_STANDARD = gnu11;
				GCC_NO_COMMON_BLOCKS = YES;
				GCC_WARN_64_TO_32_BIT_CONVERSION = YES;
				GCC_WARN_ABOUT_RETURN_TYPE = YES_ERROR;
				GCC_WARN_UNDECLARED_SELECTOR = YES;
				GCC_WARN_UNINITIALIZED_AUTOS = YES_AGGRESSIVE;
				GCC_WARN_UNUSED_FUNCTION = YES;
				GCC_WARN_UNUSED_VARIABLE = YES;
				MACOSX_DEPLOYMENT_TARGET = 14.0;
				MTL_ENABLE_DEBUG_INFO = NO;
				MTL_FAST_MATH = YES;
				PRODUCT_NAME = "$(TARGET_NAME)";
				SDKROOT = macosx;
				SWIFT_COMPILATION_MODE = wholemodule;
				SWIFT_OPTIMIZATION_LEVEL = "-O";
				SWIFT_VERSION = 5.0;
			};
			name = Release;
		};
		73F0DFF75D6E8A438E59D6FA /* Debug */ = {
			isa = XCBuildConfiguration;
			buildSettings = {
				ASSETCATALOG_COMPILER_APPICON_NAME = AppIcon;
				CODE_SIGN_ENTITLEMENTS = Orbit/Resources/Orbit.entitlements;
				CODE_SIGN_IDENTITY = "-";
				COMBINE_HIDPI_IMAGES = YES;
				CURRENT_PROJECT_VERSION = 1;
				INFOPLIST_FILE = Orbit/Info.plist;
				LD_RUNPATH_SEARCH_PATHS = (
					"$(inherited)",
					"@executable_path/../Frameworks",
				);
				MACOSX_DEPLOYMENT_TARGET = 14.0;
				MARKETING_VERSION = 1.0.3;
				PRODUCT_BUNDLE_IDENTIFIER = com.orbit.appswitcher;
				SDKROOT = macosx;
				SWIFT_OPTIMIZATION_LEVEL = "-Onone";
				SWIFT_VERSION = 5.9;
			};
			name = Debug;
		};
		FBFF5D8A6298BD9025349208 /* Debug */ = {
			isa = XCBuildConfiguration;
			buildSettings = {
				ALWAYS_SEARCH_USER_PATHS = NO;
				CLANG_ANALYZER_NONNULL = YES;
				CLANG_ANALYZER_NUMBER_OBJECT_CONVERSION = YES_AGGRESSIVE;
				CLANG_CXX_LANGUAGE_STANDARD = "gnu++14";
				CLANG_CXX_LIBRARY = "libc++";
				CLANG_ENABLE_MODULES = YES;
				CLANG_ENABLE_OBJC_ARC = YES;
				CLANG_ENABLE_OBJC_WEAK = YES;
				CLANG_WARN_BLOCK_CAPTURE_AUTORELEASING = YES;
				CLANG_WARN_BOOL_CONVERSION = YES;
				CLANG_WARN_COMMA = YES;
				CLANG_WARN_CONSTANT_CONVERSION = YES;
				CLANG_WARN_DEPRECATED_OBJC_IMPLEMENTATIONS = YES;
				CLANG_WARN_DIRECT_OBJC_ISA_USAGE = YES_ERROR;
				CLANG_WARN_DOCUMENTATION_COMMENTS = YES;
				CLANG_WARN_EMPTY_BODY = YES;
				CLANG_WARN_ENUM_CONVERSION = YES;
				CLANG_WARN_INFINITE_RECURSION = YES;
				CLANG_WARN_INT_CONVERSION = YES;
				CLANG_WARN_NON_LITERAL_NULL_CONVERSION = YES;
				CLANG_WARN_OBJC_IMPLICIT_RETAIN_SELF = YES;
				CLANG_WARN_OBJC_LITERAL_CONVERSION = YES;
				CLANG_WARN_OBJC_ROOT_CLASS = YES_ERROR;
				CLANG_WARN_QUOTED_INCLUDE_IN_FRAMEWORK_HEADER = YES;
				CLANG_WARN_RANGE_LOOP_ANALYSIS = YES;
				CLANG_WARN_STRICT_PROTOTYPES = YES;
				CLANG_WARN_SUSPICIOUS_MOVE = YES;
				CLANG_WARN_UNGUARDED_AVAILABILITY = YES_AGGRESSIVE;
				CLANG_WARN_UNREACHABLE_CODE = YES;
				CLANG_WARN__DUPLICATE_METHOD_MATCH = YES;
				COPY_PHASE_STRIP = NO;
				DEBUG_INFORMATION_FORMAT = dwarf;
				ENABLE_STRICT_OBJC_MSGSEND = YES;
				ENABLE_TESTABILITY = YES;
				GCC_C_LANGUAGE_STANDARD = gnu11;
				GCC_DYNAMIC_NO_PIC = NO;
				GCC_NO_COMMON_BLOCKS = YES;
				GCC_OPTIMIZATION_LEVEL = 0;
				GCC_PREPROCESSOR_DEFINITIONS = (
					"$(inherited)",
					"DEBUG=1",
				);
				GCC_WARN_64_TO_32_BIT_CONVERSION = YES;
				GCC_WARN_ABOUT_RETURN_TYPE = YES_ERROR;
				GCC_WARN_UNDECLARED_SELECTOR = YES;
				GCC_WARN_UNINITIALIZED_AUTOS = YES_AGGRESSIVE;
				GCC_WARN_UNUSED_FUNCTION = YES;
				GCC_WARN_UNUSED_VARIABLE = YES;
				MACOSX_DEPLOYMENT_TARGET = 14.0;
				MTL_ENABLE_DEBUG_INFO = INCLUDE_SOURCE;
				MTL_FAST_MATH = YES;
				ONLY_ACTIVE_ARCH = YES;
				PRODUCT_NAME = "$(TARGET_NAME)";
				SDKROOT = macosx;
				SWIFT_ACTIVE_COMPILATION_CONDITIONS = DEBUG;
				SWIFT_OPTIMIZATION_LEVEL = "-Onone";
				SWIFT_VERSION = 5.0;
			};
			name = Debug;
		};
/* End XCBuildConfiguration section */

/* Begin XCConfigurationList section */
		1ED43C45F010E6E18A4680AC /* Build configuration list for PBXNativeTarget "Orbit" */ = {
			isa = XCConfigurationList;
			buildConfigurations = (
				73F0DFF75D6E8A438E59D6FA /* Debug */,
				1C3F5A8A5772DFD0CD0785E5 /* Release */,
			);
			defaultConfigurationIsVisible = 0;
			defaultConfigurationName = Debug;
		};
		3B09B19ED5B1850084012594 /* Build configuration list for PBXProject "Orbit" */ = {
			isa = XCConfigurationList;
			buildConfigurations = (
				FBFF5D8A6298BD9025349208 /* Debug */,
				58C4C1DF9D487759A4FB7D08 /* Release */,
			);
			defaultConfigurationIsVisible = 0;
			defaultConfigurationName = Debug;
		};
/* End XCConfigurationList section */
	};
	rootObject = 0A57824173AF238C16E5DFDB /* Project object */;
}
